
Microsoft Visual Studio Solution File, Format Version 12.00
# Visual Studio Version 17
VisualStudioVersion = 17.0.31903.59
MinimumVisualStudioVersion = 10.0.40219.1
Project("{FAE04EC0-301F-11D3-BF4B-00C04F79EFBC}") = "DevQuiz.Api", "DevQuiz.Api\DevQuiz.Api.csproj", "{D51CBBE5-62F9-436A-882D-DB922361625E}"
EndProject
Project("{FAE04EC0-301F-11D3-BF4B-00C04F79EFBC}") = "DevQuiz.Domain", "DevQuiz.Domain\DevQuiz.Domain.csproj", "{3A2EDB38-F8C9-451F-8085-E3F2BFD4BE46}"
EndProject
Project("{FAE04EC0-301F-11D3-BF4B-00C04F79EFBC}") = "DevQuiz.Application", "DevQuiz.Application\DevQuiz.Application.csproj", "{786F2FDC-92E9-4CE9-AF38-CD9271EC90C2}"
EndProject
Project("{FAE04EC0-301F-11D3-BF4B-00C04F79EFBC}") = "DevQuiz.Infrastructure", "DevQuiz.Infrastructure\DevQuiz.Infrastructure.csproj", "{8C2DD346-2241-4042-AF9B-88D5E55D45F0}"
EndProject
Global
	GlobalSection(SolutionConfigurationPlatforms) = preSolution
		Debug|Any CPU = Debug|Any CPU
		Debug|x64 = Debug|x64
		Debug|x86 = Debug|x86
		Release|Any CPU = Release|Any CPU
		Release|x64 = Release|x64
		Release|x86 = Release|x86
	EndGlobalSection
	GlobalSection(ProjectConfigurationPlatforms) = postSolution
		{D51CBBE5-62F9-436A-882D-DB922361625E}.Debug|Any CPU.ActiveCfg = Debug|Any CPU
		{D51CBBE5-62F9-436A-882D-DB922361625E}.Debug|Any CPU.Build.0 = Debug|Any CPU
		{D51CBBE5-62F9-436A-882D-DB922361625E}.Debug|x64.ActiveCfg = Debug|Any CPU
		{D51CBBE5-62F9-436A-882D-DB922361625E}.Debug|x64.Build.0 = Debug|Any CPU
		{D51CBBE5-62F9-436A-882D-DB922361625E}.Debug|x86.ActiveCfg = Debug|Any CPU
		{D51CBBE5-62F9-436A-882D-DB922361625E}.Debug|x86.Build.0 = Debug|Any CPU
		{D51CBBE5-62F9-436A-882D-DB922361625E}.Release|Any CPU.ActiveCfg = Release|Any CPU
		{D51CBBE5-62F9-436A-882D-DB922361625E}.Release|Any CPU.Build.0 = Release|Any CPU
		{D51CBBE5-62F9-436A-882D-DB922361625E}.Release|x64.ActiveCfg = Release|Any CPU
		{D51CBBE5-62F9-436A-882D-DB922361625E}.Release|x64.Build.0 = Release|Any CPU
		{D51CBBE5-62F9-436A-882D-DB922361625E}.Release|x86.ActiveCfg = Release|Any CPU
		{D51CBBE5-62F9-436A-882D-DB922361625E}.Release|x86.Build.0 = Release|Any CPU
		{3A2EDB38-F8C9-451F-8085-E3F2BFD4BE46}.Debug|Any CPU.ActiveCfg = Debug|Any CPU
		{3A2EDB38-F8C9-451F-8085-E3F2BFD4BE46}.Debug|Any CPU.Build.0 = Debug|Any CPU
		{3A2EDB38-F8C9-451F-8085-E3F2BFD4BE46}.Debug|x64.ActiveCfg = Debug|Any CPU
		{3A2EDB38-F8C9-451F-8085-E3F2BFD4BE46}.Debug|x64.Build.0 = Debug|Any CPU
		{3A2EDB38-F8C9-451F-8085-E3F2BFD4BE46}.Debug|x86.ActiveCfg = Debug|Any CPU
		{3A2EDB38-F8C9-451F-8085-E3F2BFD4BE46}.Debug|x86.Build.0 = Debug|Any CPU
		{3A2EDB38-F8C9-451F-8085-E3F2BFD4BE46}.Release|Any CPU.ActiveCfg = Release|Any CPU
		{3A2EDB38-F8C9-451F-8085-E3F2BFD4BE46}.Release|Any CPU.Build.0 = Release|Any CPU
		{3A2EDB38-F8C9-451F-8085-E3F2BFD4BE46}.Release|x64.ActiveCfg = Release|Any CPU
		{3A2EDB38-F8C9-451F-8085-E3F2BFD4BE46}.Release|x64.Build.0 = Release|Any CPU
		{3A2EDB38-F8C9-451F-8085-E3F2BFD4BE46}.Release|x86.ActiveCfg = Release|Any CPU
		{3A2EDB38-F8C9-451F-8085-E3F2BFD4BE46}.Release|x86.Build.0 = Release|Any CPU
		{786F2FDC-92E9-4CE9-AF38-CD9271EC90C2}.Debug|Any CPU.ActiveCfg = Debug|Any CPU
		{786F2FDC-92E9-4CE9-AF38-CD9271EC90C2}.Debug|Any CPU.Build.0 = Debug|Any CPU
		{786F2FDC-92E9-4CE9-AF38-CD9271EC90C2}.Debug|x64.ActiveCfg = Debug|Any CPU
		{786F2FDC-92E9-4CE9-AF38-CD9271EC90C2}.Debug|x64.Build.0 = Debug|Any CPU
		{786F2FDC-92E9-4CE9-AF38-CD9271EC90C2}.Debug|x86.ActiveCfg = Debug|Any CPU
		{786F2FDC-92E9-4CE9-AF38-CD9271EC90C2}.Debug|x86.Build.0 = Debug|Any CPU
		{786F2FDC-92E9-4CE9-AF38-CD9271EC90C2}.Release|Any CPU.ActiveCfg = Release|Any CPU
		{786F2FDC-92E9-4CE9-AF38-CD9271EC90C2}.Release|Any CPU.Build.0 = Release|Any CPU
		{786F2FDC-92E9-4CE9-AF38-CD9271EC90C2}.Release|x64.ActiveCfg = Release|Any CPU
		{786F2FDC-92E9-4CE9-AF38-CD9271EC90C2}.Release|x64.Build.0 = Release|Any CPU
		{786F2FDC-92E9-4CE9-AF38-CD9271EC90C2}.Release|x86.ActiveCfg = Release|Any CPU
		{786F2FDC-92E9-4CE9-AF38-CD9271EC90C2}.Release|x86.Build.0 = Release|Any CPU
		{8C2DD346-2241-4042-AF9B-88D5E55D45F0}.Debug|Any CPU.ActiveCfg = Debug|Any CPU
		{8C2DD346-2241-4042-AF9B-88D5E55D45F0}.Debug|Any CPU.Build.0 = Debug|Any CPU
		{8C2DD346-2241-4042-AF9B-88D5E55D45F0}.Debug|x64.ActiveCfg = Debug|Any CPU
		{8C2DD346-2241-4042-AF9B-88D5E55D45F0}.Debug|x64.Build.0 = Debug|Any CPU
		{8C2DD346-2241-4042-AF9B-88D5E55D45F0}.Debug|x86.ActiveCfg = Debug|Any CPU
		{8C2DD346-2241-4042-AF9B-88D5E55D45F0}.Debug|x86.Build.0 = Debug|Any CPU
		{8C2DD346-2241-4042-AF9B-88D5E55D45F0}.Release|Any CPU.ActiveCfg = Release|Any CPU
		{8C2DD346-2241-4042-AF9B-88D5E55D45F0}.Release|Any CPU.Build.0 = Release|Any CPU
		{8C2DD346-2241-4042-AF9B-88D5E55D45F0}.Release|x64.ActiveCfg = Release|Any CPU
		{8C2DD346-2241-4042-AF9B-88D5E55D45F0}.Release|x64.Build.0 = Release|Any CPU
		{8C2DD346-2241-4042-AF9B-88D5E55D45F0}.Release|x86.ActiveCfg = Release|Any CPU
		{8C2DD346-2241-4042-AF9B-88D5E55D45F0}.Release|x86.Build.0 = Release|Any CPU
	EndGlobalSection
	GlobalSection(SolutionProperties) = preSolution
		HideSolutionNode = FALSE
	EndGlobalSection
EndGlobal
